
Microsoft Visual Studio Solution File, Format Version 12.00
# Visual Studio Version 17
VisualStudioVersion = 17.0.32112.339
MinimumVisualStudioVersion = 10.0.40219.1
Project("{FAE04EC0-301F-11D3-BF4B-00C04F79EFBC}") = "Operacoes_matematicas_dede", "Operacoes_matematicas_dede\Operacoes_matematicas_dede.csproj", "{F0A57541-843E-4281-8F51-DF358D3937FF}"
EndProject
Global
	GlobalSection(SolutionConfigurationPlatforms) = preSolution
		Debug|Any CPU = Debug|Any CPU
		Release|Any CPU = Release|Any CPU
	EndGlobalSection
	GlobalSection(ProjectConfigurationPlatforms) = postSolution
		{F0A57541-843E-4281-8F51-DF358D3937FF}.Debug|Any CPU.ActiveCfg = Debug|Any CPU
		{F0A57541-843E-4281-8F51-DF358D3937FF}.Debug|Any CPU.Build.0 = Debug|Any CPU
		{F0A57541-843E-4281-8F51-DF358D3937FF}.Release|Any CPU.ActiveCfg = Release|Any CPU
		{F0A57541-843E-4281-8F51-DF358D3937FF}.Release|Any CPU.Build.0 = Release|Any CPU
	EndGlobalSection
	GlobalSection(SolutionProperties) = preSolution
		HideSolutionNode = FALSE
	EndGlobalSection
	GlobalSection(ExtensibilityGlobals) = postSolution
		SolutionGuid = {36E567C9-10D3-4CAC-995F-29C9C1533212}
	EndGlobalSection
EndGlobal
